
Microsoft Visual Studio Solution File, Format Version 12.00
# Visual Studio Version 17
VisualStudioVersion = 17.0.31903.59
MinimumVisualStudioVersion = 10.0.40219.1
Project("{2150E333-8FDC-42A3-9474-1A3956D46DE8}") = "src", "src", "{827E0CD3-B72D-47B6-A68D-7590B98EB39B}"
EndProject
Project("{FAE04EC0-301F-11D3-BF4B-00C04F79EFBC}") = "ARTR.Pien.Core", "src\ARTR.Pien.Core\ARTR.Pien.Core.csproj", "{9832B1AE-4737-4060-B12A-061759091977}"
EndProject
Project("{FAE04EC0-301F-11D3-BF4B-00C04F79EFBC}") = "ARTR.Pien.Engine", "src\ARTR.Pien.Engine\ARTR.Pien.Engine.csproj", "{281BA022-C5CF-4220-8019-5B2CD31818D0}"
EndProject
Project("{FAE04EC0-301F-11D3-BF4B-00C04F79EFBC}") = "ARTR.Pien.Web", "src\ARTR.Pien.Web\ARTR.Pien.Web.csproj", "{21800A3A-7E30-4679-B72B-B9D76276ED4E}"
EndProject
Project("{FAE04EC0-301F-11D3-BF4B-00C04F79EFBC}") = "ARTR.Pien.Checks", "src\ARTR.Pien.Checks\ARTR.Pien.Checks.csproj", "{CA49D860-8281-4AAD-98A4-A146D5BBB76D}"
EndProject
Project("{FAE04EC0-301F-11D3-BF4B-00C04F79EFBC}") = "ARTR.Pien.Reporting", "src\ARTR.Pien.Reporting\ARTR.Pien.Reporting.csproj", "{505C0A2B-9E72-4B58-95CC-0400B080EA72}"
EndProject
Project("{FAE04EC0-301F-11D3-BF4B-00C04F79EFBC}") = "ARTR.Pien.Storage", "src\ARTR.Pien.Storage\ARTR.Pien.Storage.csproj", "{CE86F30B-D7D1-4767-98B0-7304B8B70054}"
EndProject
Project("{FAE04EC0-301F-11D3-BF4B-00C04F79EFBC}") = "ARTR.Pien.Hosting", "src\ARTR.Pien.Hosting\ARTR.Pien.Hosting.csproj", "{74F8CFF2-3B26-443D-8C9B-8056CFE2DA23}"
EndProject
Project("{FAE04EC0-301F-11D3-BF4B-00C04F79EFBC}") = "ARTR.Pien.Cli", "src\ARTR.Pien.Cli\ARTR.Pien.Cli.csproj", "{01B5B669-6A47-4E56-BD7C-02578E75CA11}"
EndProject
Project("{FAE04EC0-301F-11D3-BF4B-00C04F79EFBC}") = "ARTR.Pien.CodeAnalysis", "src\ARTR.Pien.CodeAnalysis\ARTR.Pien.CodeAnalysis.csproj", "{99F52590-CAEA-44DC-96D4-A29849B5B082}"
EndProject
Project("{2150E333-8FDC-42A3-9474-1A3956D46DE8}") = "tests", "tests", "{0AB3BF05-4346-4AA6-1389-037BE0695223}"
EndProject
Project("{FAE04EC0-301F-11D3-BF4B-00C04F79EFBC}") = "ARTR.Pien.UnitTests", "tests\ARTR.Pien.UnitTests\ARTR.Pien.UnitTests.csproj", "{CAF28B90-8080-4A87-A99F-BF1E9FBD0B95}"
EndProject
Project("{FAE04EC0-301F-11D3-BF4B-00C04F79EFBC}") = "ARTR.Pien.IntegrationTests", "tests\ARTR.Pien.IntegrationTests\ARTR.Pien.IntegrationTests.csproj", "{E96BEF87-8A7C-42AD-B364-4367A5301FE5}"
EndProject
Project("{FAE04EC0-301F-11D3-BF4B-00C04F79EFBC}") = "ARTR.Pien.FunctionalTests", "tests\ARTR.Pien.FunctionalTests\ARTR.Pien.FunctionalTests.csproj", "{D17C7316-A368-4D3F-9EA2-25CA467318D2}"
EndProject
Project("{FAE04EC0-301F-11D3-BF4B-00C04F79EFBC}") = "ARTR.Pien.ArchitectureTests", "tests\ARTR.Pien.ArchitectureTests\ARTR.Pien.ArchitectureTests.csproj", "{0BC82E99-43A7-4C99-842B-D9E63045E086}"
EndProject
Project("{FAE04EC0-301F-11D3-BF4B-00C04F79EFBC}") = "ARTR.Pien.CodeAnalysis.Tests", "tests\ARTR.Pien.CodeAnalysis.Tests\ARTR.Pien.CodeAnalysis.Tests.csproj", "{95C93469-B4A2-40BA-A17C-FF2E7AB58AE2}"
EndProject
Project("{FAE04EC0-301F-11D3-BF4B-00C04F79EFBC}") = "ARTR.Pien.Testing", "tests\ARTR.Pien.Testing\ARTR.Pien.Testing.csproj", "{DABF615C-3085-44C9-AF29-558AE7E5556A}"
EndProject
Project("{2150E333-8FDC-42A3-9474-1A3956D46DE8}") = "benchmarks", "benchmarks", "{66320409-64EC-F7C5-3DEF-65E7510DAAD1}"
EndProject
Project("{FAE04EC0-301F-11D3-BF4B-00C04F79EFBC}") = "ARTR.Pien.Benchmarks", "benchmarks\ARTR.Pien.Benchmarks\ARTR.Pien.Benchmarks.csproj", "{6F9D2894-4F81-49C8-8024-5846E79F5199}"
EndProject
Project("{2150E333-8FDC-42A3-9474-1A3956D46DE8}") = "samples", "samples", "{5D20AA90-6969-D8BD-9DCD-8634F4692FDA}"
EndProject
Project("{FAE04EC0-301F-11D3-BF4B-00C04F79EFBC}") = "ARTR.Pien.SampleSite", "samples\ARTR.Pien.SampleSite\ARTR.Pien.SampleSite.csproj", "{12CBC5DE-452E-431A-AABB-5A4F554DC09A}"
EndProject
Project("{FAE04EC0-301F-11D3-BF4B-00C04F79EFBC}") = "ARTR.Pien.SampleApi", "samples\ARTR.Pien.SampleApi\ARTR.Pien.SampleApi.csproj", "{DC0AAE91-00F5-44C8-9898-6CD6809FA48C}"
EndProject
Global
	GlobalSection(SolutionConfigurationPlatforms) = preSolution
		Debug|Any CPU = Debug|Any CPU
		Debug|x64 = Debug|x64
		Debug|x86 = Debug|x86
		Release|Any CPU = Release|Any CPU
		Release|x64 = Release|x64
		Release|x86 = Release|x86
	EndGlobalSection
	GlobalSection(ProjectConfigurationPlatforms) = postSolution
		{9832B1AE-4737-4060-B12A-061759091977}.Debug|Any CPU.ActiveCfg = Debug|Any CPU
		{9832B1AE-4737-4060-B12A-061759091977}.Debug|Any CPU.Build.0 = Debug|Any CPU
		{9832B1AE-4737-4060-B12A-061759091977}.Debug|x64.ActiveCfg = Debug|Any CPU
		{9832B1AE-4737-4060-B12A-061759091977}.Debug|x64.Build.0 = Debug|Any CPU
		{9832B1AE-4737-4060-B12A-061759091977}.Debug|x86.ActiveCfg = Debug|Any CPU
		{9832B1AE-4737-4060-B12A-061759091977}.Debug|x86.Build.0 = Debug|Any CPU
		{9832B1AE-4737-4060-B12A-061759091977}.Release|Any CPU.ActiveCfg = Release|Any CPU
		{9832B1AE-4737-4060-B12A-061759091977}.Release|Any CPU.Build.0 = Release|Any CPU
		{9832B1AE-4737-4060-B12A-061759091977}.Release|x64.ActiveCfg = Release|Any CPU
		{9832B1AE-4737-4060-B12A-061759091977}.Release|x64.Build.0 = Release|Any CPU
		{9832B1AE-4737-4060-B12A-061759091977}.Release|x86.ActiveCfg = Release|Any CPU
		{9832B1AE-4737-4060-B12A-061759091977}.Release|x86.Build.0 = Release|Any CPU
		{281BA022-C5CF-4220-8019-5B2CD31818D0}.Debug|Any CPU.ActiveCfg = Debug|Any CPU
		{281BA022-C5CF-4220-8019-5B2CD31818D0}.Debug|Any CPU.Build.0 = Debug|Any CPU
		{281BA022-C5CF-4220-8019-5B2CD31818D0}.Debug|x64.ActiveCfg = Debug|Any CPU
		{281BA022-C5CF-4220-8019-5B2CD31818D0}.Debug|x64.Build.0 = Debug|Any CPU
		{281BA022-C5CF-4220-8019-5B2CD31818D0}.Debug|x86.ActiveCfg = Debug|Any CPU
		{281BA022-C5CF-4220-8019-5B2CD31818D0}.Debug|x86.Build.0 = Debug|Any CPU
		{281BA022-C5CF-4220-8019-5B2CD31818D0}.Release|Any CPU.ActiveCfg = Release|Any CPU
		{281BA022-C5CF-4220-8019-5B2CD31818D0}.Release|Any CPU.Build.0 = Release|Any CPU
		{281BA022-C5CF-4220-8019-5B2CD31818D0}.Release|x64.ActiveCfg = Release|Any CPU
		{281BA022-C5CF-4220-8019-5B2CD31818D0}.Release|x64.Build.0 = Release|Any CPU
		{281BA022-C5CF-4220-8019-5B2CD31818D0}.Release|x86.ActiveCfg = Release|Any CPU
		{281BA022-C5CF-4220-8019-5B2CD31818D0}.Release|x86.Build.0 = Release|Any CPU
		{21800A3A-7E30-4679-B72B-B9D76276ED4E}.Debug|Any CPU.ActiveCfg = Debug|Any CPU
		{21800A3A-7E30-4679-B72B-B9D76276ED4E}.Debug|Any CPU.Build.0 = Debug|Any CPU
		{21800A3A-7E30-4679-B72B-B9D76276ED4E}.Debug|x64.ActiveCfg = Debug|Any CPU
		{21800A3A-7E30-4679-B72B-B9D76276ED4E}.Debug|x64.Build.0 = Debug|Any CPU
		{21800A3A-7E30-4679-B72B-B9D76276ED4E}.Debug|x86.ActiveCfg = Debug|Any CPU
		{21800A3A-7E30-4679-B72B-B9D76276ED4E}.Debug|x86.Build.0 = Debug|Any CPU
		{21800A3A-7E30-4679-B72B-B9D76276ED4E}.Release|Any CPU.ActiveCfg = Release|Any CPU
		{21800A3A-7E30-4679-B72B-B9D76276ED4E}.Release|Any CPU.Build.0 = Release|Any CPU
		{21800A3A-7E30-4679-B72B-B9D76276ED4E}.Release|x64.ActiveCfg = Release|Any CPU
		{21800A3A-7E30-4679-B72B-B9D76276ED4E}.Release|x64.Build.0 = Release|Any CPU
		{21800A3A-7E30-4679-B72B-B9D76276ED4E}.Release|x86.ActiveCfg = Release|Any CPU
		{21800A3A-7E30-4679-B72B-B9D76276ED4E}.Release|x86.Build.0 = Release|Any CPU
		{CA49D860-8281-4AAD-98A4-A146D5BBB76D}.Debug|Any CPU.ActiveCfg = Debug|Any CPU
		{CA49D860-8281-4AAD-98A4-A146D5BBB76D}.Debug|Any CPU.Build.0 = Debug|Any CPU
		{CA49D860-8281-4AAD-98A4-A146D5BBB76D}.Debug|x64.ActiveCfg = Debug|Any CPU
		{CA49D860-8281-4AAD-98A4-A146D5BBB76D}.Debug|x64.Build.0 = Debug|Any CPU
		{CA49D860-8281-4AAD-98A4-A146D5BBB76D}.Debug|x86.ActiveCfg = Debug|Any CPU
		{CA49D860-8281-4AAD-98A4-A146D5BBB76D}.Debug|x86.Build.0 = Debug|Any CPU
		{CA49D860-8281-4AAD-98A4-A146D5BBB76D}.Release|Any CPU.ActiveCfg = Release|Any CPU
		{CA49D860-8281-4AAD-98A4-A146D5BBB76D}.Release|Any CPU.Build.0 = Release|Any CPU
		{CA49D860-8281-4AAD-98A4-A146D5BBB76D}.Release|x64.ActiveCfg = Release|Any CPU
		{CA49D860-8281-4AAD-98A4-A146D5BBB76D}.Release|x64.Build.0 = Release|Any CPU
		{CA49D860-8281-4AAD-98A4-A146D5BBB76D}.Release|x86.ActiveCfg = Release|Any CPU
		{CA49D860-8281-4AAD-98A4-A146D5BBB76D}.Release|x86.Build.0 = Release|Any CPU
		{505C0A2B-9E72-4B58-95CC-0400B080EA72}.Debug|Any CPU.ActiveCfg = Debug|Any CPU
		{505C0A2B-9E72-4B58-95CC-0400B080EA72}.Debug|Any CPU.Build.0 = Debug|Any CPU
		{505C0A2B-9E72-4B58-95CC-0400B080EA72}.Debug|x64.ActiveCfg = Debug|Any CPU
		{505C0A2B-9E72-4B58-95CC-0400B080EA72}.Debug|x64.Build.0 = Debug|Any CPU
		{505C0A2B-9E72-4B58-95CC-0400B080EA72}.Debug|x86.ActiveCfg = Debug|Any CPU
		{505C0A2B-9E72-4B58-95CC-0400B080EA72}.Debug|x86.Build.0 = Debug|Any CPU
		{505C0A2B-9E72-4B58-95CC-0400B080EA72}.Release|Any CPU.ActiveCfg = Release|Any CPU
		{505C0A2B-9E72-4B58-95CC-0400B080EA72}.Release|Any CPU.Build.0 = Release|Any CPU
		{505C0A2B-9E72-4B58-95CC-0400B080EA72}.Release|x64.ActiveCfg = Release|Any CPU
		{505C0A2B-9E72-4B58-95CC-0400B080EA72}.Release|x64.Build.0 = Release|Any CPU
		{505C0A2B-9E72-4B58-95CC-0400B080EA72}.Release|x86.ActiveCfg = Release|Any CPU
		{505C0A2B-9E72-4B58-95CC-0400B080EA72}.Release|x86.Build.0 = Release|Any CPU
		{CE86F30B-D7D1-4767-98B0-7304B8B70054}.Debug|Any CPU.ActiveCfg = Debug|Any CPU
		{CE86F30B-D7D1-4767-98B0-7304B8B70054}.Debug|Any CPU.Build.0 = Debug|Any CPU
		{CE86F30B-D7D1-4767-98B0-7304B8B70054}.Debug|x64.ActiveCfg = Debug|Any CPU
		{CE86F30B-D7D1-4767-98B0-7304B8B70054}.Debug|x64.Build.0 = Debug|Any CPU
		{CE86F30B-D7D1-4767-98B0-7304B8B70054}.Debug|x86.ActiveCfg = Debug|Any CPU
		{CE86F30B-D7D1-4767-98B0-7304B8B70054}.Debug|x86.Build.0 = Debug|Any CPU
		{CE86F30B-D7D1-4767-98B0-7304B8B70054}.Release|Any CPU.ActiveCfg = Release|Any CPU
		{CE86F30B-D7D1-4767-98B0-7304B8B70054}.Release|Any CPU.Build.0 = Release|Any CPU
		{CE86F30B-D7D1-4767-98B0-7304B8B70054}.Release|x64.ActiveCfg = Release|Any CPU
		{CE86F30B-D7D1-4767-98B0-7304B8B70054}.Release|x64.Build.0 = Release|Any CPU
		{CE86F30B-D7D1-4767-98B0-7304B8B70054}.Release|x86.ActiveCfg = Release|Any CPU
		{CE86F30B-D7D1-4767-98B0-7304B8B70054}.Release|x86.Build.0 = Release|Any CPU
		{74F8CFF2-3B26-443D-8C9B-8056CFE2DA23}.Debug|Any CPU.ActiveCfg = Debug|Any CPU
		{74F8CFF2-3B26-443D-8C9B-8056CFE2DA23}.Debug|Any CPU.Build.0 = Debug|Any CPU
		{74F8CFF2-3B26-443D-8C9B-8056CFE2DA23}.Debug|x64.ActiveCfg = Debug|Any CPU
		{74F8CFF2-3B26-443D-8C9B-8056CFE2DA23}.Debug|x64.Build.0 = Debug|Any CPU
		{74F8CFF2-3B26-443D-8C9B-8056CFE2DA23}.Debug|x86.ActiveCfg = Debug|Any CPU
		{74F8CFF2-3B26-443D-8C9B-8056CFE2DA23}.Debug|x86.Build.0 = Debug|Any CPU
		{74F8CFF2-3B26-443D-8C9B-8056CFE2DA23}.Release|Any CPU.ActiveCfg = Release|Any CPU
		{74F8CFF2-3B26-443D-8C9B-8056CFE2DA23}.Release|Any CPU.Build.0 = Release|Any CPU
		{74F8CFF2-3B26-443D-8C9B-8056CFE2DA23}.Release|x64.ActiveCfg = Release|Any CPU
		{74F8CFF2-3B26-443D-8C9B-8056CFE2DA23}.Release|x64.Build.0 = Release|Any CPU
		{74F8CFF2-3B26-443D-8C9B-8056CFE2DA23}.Release|x86.ActiveCfg = Release|Any CPU
		{74F8CFF2-3B26-443D-8C9B-8056CFE2DA23}.Release|x86.Build.0 = Release|Any CPU
		{01B5B669-6A47-4E56-BD7C-02578E75CA11}.Debug|Any CPU.ActiveCfg = Debug|Any CPU
		{01B5B669-6A47-4E56-BD7C-02578E75CA11}.Debug|Any CPU.Build.0 = Debug|Any CPU
		{01B5B669-6A47-4E56-BD7C-02578E75CA11}.Debug|x64.ActiveCfg = Debug|Any CPU
		{01B5B669-6A47-4E56-BD7C-02578E75CA11}.Debug|x64.Build.0 = Debug|Any CPU
		{01B5B669-6A47-4E56-BD7C-02578E75CA11}.Debug|x86.ActiveCfg = Debug|Any CPU
		{01B5B669-6A47-4E56-BD7C-02578E75CA11}.Debug|x86.Build.0 = Debug|Any CPU
		{01B5B669-6A47-4E56-BD7C-02578E75CA11}.Release|Any CPU.ActiveCfg = Release|Any CPU
		{01B5B669-6A47-4E56-BD7C-02578E75CA11}.Release|Any CPU.Build.0 = Release|Any CPU
		{01B5B669-6A47-4E56-BD7C-02578E75CA11}.Release|x64.ActiveCfg = Release|Any CPU
		{01B5B669-6A47-4E56-BD7C-02578E75CA11}.Release|x64.Build.0 = Release|Any CPU
		{01B5B669-6A47-4E56-BD7C-02578E75CA11}.Release|x86.ActiveCfg = Release|Any CPU
		{01B5B669-6A47-4E56-BD7C-02578E75CA11}.Release|x86.Build.0 = Release|Any CPU
		{99F52590-CAEA-44DC-96D4-A29849B5B082}.Debug|Any CPU.ActiveCfg = Debug|Any CPU
		{99F52590-CAEA-44DC-96D4-A29849B5B082}.Debug|Any CPU.Build.0 = Debug|Any CPU
		{99F52590-CAEA-44DC-96D4-A29849B5B082}.Debug|x64.ActiveCfg = Debug|Any CPU
		{99F52590-CAEA-44DC-96D4-A29849B5B082}.Debug|x64.Build.0 = Debug|Any CPU
		{99F52590-CAEA-44DC-96D4-A29849B5B082}.Debug|x86.ActiveCfg = Debug|Any CPU
		{99F52590-CAEA-44DC-96D4-A29849B5B082}.Debug|x86.Build.0 = Debug|Any CPU
		{99F52590-CAEA-44DC-96D4-A29849B5B082}.Release|Any CPU.ActiveCfg = Release|Any CPU
		{99F52590-CAEA-44DC-96D4-A29849B5B082}.Release|Any CPU.Build.0 = Release|Any CPU
		{99F52590-CAEA-44DC-96D4-A29849B5B082}.Release|x64.ActiveCfg = Release|Any CPU
		{99F52590-CAEA-44DC-96D4-A29849B5B082}.Release|x64.Build.0 = Release|Any CPU
		{99F52590-CAEA-44DC-96D4-A29849B5B082}.Release|x86.ActiveCfg = Release|Any CPU
		{99F52590-CAEA-44DC-96D4-A29849B5B082}.Release|x86.Build.0 = Release|Any CPU
		{CAF28B90-8080-4A87-A99F-BF1E9FBD0B95}.Debug|Any CPU.ActiveCfg = Debug|Any CPU
		{CAF28B90-8080-4A87-A99F-BF1E9FBD0B95}.Debug|Any CPU.Build.0 = Debug|Any CPU
		{CAF28B90-8080-4A87-A99F-BF1E9FBD0B95}.Debug|x64.ActiveCfg = Debug|Any CPU
		{CAF28B90-8080-4A87-A99F-BF1E9FBD0B95}.Debug|x64.Build.0 = Debug|Any CPU
		{CAF28B90-8080-4A87-A99F-BF1E9FBD0B95}.Debug|x86.ActiveCfg = Debug|Any CPU
		{CAF28B90-8080-4A87-A99F-BF1E9FBD0B95}.Debug|x86.Build.0 = Debug|Any CPU
		{CAF28B90-8080-4A87-A99F-BF1E9FBD0B95}.Release|Any CPU.ActiveCfg = Release|Any CPU
		{CAF28B90-8080-4A87-A99F-BF1E9FBD0B95}.Release|Any CPU.Build.0 = Release|Any CPU
		{CAF28B90-8080-4A87-A99F-BF1E9FBD0B95}.Release|x64.ActiveCfg = Release|Any CPU
		{CAF28B90-8080-4A87-A99F-BF1E9FBD0B95}.Release|x64.Build.0 = Release|Any CPU
		{CAF28B90-8080-4A87-A99F-BF1E9FBD0B95}.Release|x86.ActiveCfg = Release|Any CPU
		{CAF28B90-8080-4A87-A99F-BF1E9FBD0B95}.Release|x86.Build.0 = Release|Any CPU
		{E96BEF87-8A7C-42AD-B364-4367A5301FE5}.Debug|Any CPU.ActiveCfg = Debug|Any CPU
		{E96BEF87-8A7C-42AD-B364-4367A5301FE5}.Debug|Any CPU.Build.0 = Debug|Any CPU
		{E96BEF87-8A7C-42AD-B364-4367A5301FE5}.Debug|x64.ActiveCfg = Debug|Any CPU
		{E96BEF87-8A7C-42AD-B364-4367A5301FE5}.Debug|x64.Build.0 = Debug|Any CPU
		{E96BEF87-8A7C-42AD-B364-4367A5301FE5}.Debug|x86.ActiveCfg = Debug|Any CPU
		{E96BEF87-8A7C-42AD-B364-4367A5301FE5}.Debug|x86.Build.0 = Debug|Any CPU
		{E96BEF87-8A7C-42AD-B364-4367A5301FE5}.Release|Any CPU.ActiveCfg = Release|Any CPU
		{E96BEF87-8A7C-42AD-B364-4367A5301FE5}.Release|Any CPU.Build.0 = Release|Any CPU
		{E96BEF87-8A7C-42AD-B364-4367A5301FE5}.Release|x64.ActiveCfg = Release|Any CPU
		{E96BEF87-8A7C-42AD-B364-4367A5301FE5}.Release|x64.Build.0 = Release|Any CPU
		{E96BEF87-8A7C-42AD-B364-4367A5301FE5}.Release|x86.ActiveCfg = Release|Any CPU
		{E96BEF87-8A7C-42AD-B364-4367A5301FE5}.Release|x86.Build.0 = Release|Any CPU
		{D17C7316-A368-4D3F-9EA2-25CA467318D2}.Debug|Any CPU.ActiveCfg = Debug|Any CPU
		{D17C7316-A368-4D3F-9EA2-25CA467318D2}.Debug|Any CPU.Build.0 = Debug|Any CPU
		{D17C7316-A368-4D3F-9EA2-25CA467318D2}.Debug|x64.ActiveCfg = Debug|Any CPU
		{D17C7316-A368-4D3F-9EA2-25CA467318D2}.Debug|x64.Build.0 = Debug|Any CPU
		{D17C7316-A368-4D3F-9EA2-25CA467318D2}.Debug|x86.ActiveCfg = Debug|Any CPU
		{D17C7316-A368-4D3F-9EA2-25CA467318D2}.Debug|x86.Build.0 = Debug|Any CPU
		{D17C7316-A368-4D3F-9EA2-25CA467318D2}.Release|Any CPU.ActiveCfg = Release|Any CPU
		{D17C7316-A368-4D3F-9EA2-25CA467318D2}.Release|Any CPU.Build.0 = Release|Any CPU
		{D17C7316-A368-4D3F-9EA2-25CA467318D2}.Release|x64.ActiveCfg = Release|Any CPU
		{D17C7316-A368-4D3F-9EA2-25CA467318D2}.Release|x64.Build.0 = Release|Any CPU
		{D17C7316-A368-4D3F-9EA2-25CA467318D2}.Release|x86.ActiveCfg = Release|Any CPU
		{D17C7316-A368-4D3F-9EA2-25CA467318D2}.Release|x86.Build.0 = Release|Any CPU
		{0BC82E99-43A7-4C99-842B-D9E63045E086}.Debug|Any CPU.ActiveCfg = Debug|Any CPU
		{0BC82E99-43A7-4C99-842B-D9E63045E086}.Debug|Any CPU.Build.0 = Debug|Any CPU
		{0BC82E99-43A7-4C99-842B-D9E63045E086}.Debug|x64.ActiveCfg = Debug|Any CPU
		{0BC82E99-43A7-4C99-842B-D9E63045E086}.Debug|x64.Build.0 = Debug|Any CPU
		{0BC82E99-43A7-4C99-842B-D9E63045E086}.Debug|x86.ActiveCfg = Debug|Any CPU
		{0BC82E99-43A7-4C99-842B-D9E63045E086}.Debug|x86.Build.0 = Debug|Any CPU
		{0BC82E99-43A7-4C99-842B-D9E63045E086}.Release|Any CPU.ActiveCfg = Release|Any CPU
		{0BC82E99-43A7-4C99-842B-D9E63045E086}.Release|Any CPU.Build.0 = Release|Any CPU
		{0BC82E99-43A7-4C99-842B-D9E63045E086}.Release|x64.ActiveCfg = Release|Any CPU
		{0BC82E99-43A7-4C99-842B-D9E63045E086}.Release|x64.Build.0 = Release|Any CPU
		{0BC82E99-43A7-4C99-842B-D9E63045E086}.Release|x86.ActiveCfg = Release|Any CPU
		{0BC82E99-43A7-4C99-842B-D9E63045E086}.Release|x86.Build.0 = Release|Any CPU
		{95C93469-B4A2-40BA-A17C-FF2E7AB58AE2}.Debug|Any CPU.ActiveCfg = Debug|Any CPU
		{95C93469-B4A2-40BA-A17C-FF2E7AB58AE2}.Debug|Any CPU.Build.0 = Debug|Any CPU
		{95C93469-B4A2-40BA-A17C-FF2E7AB58AE2}.Debug|x64.ActiveCfg = Debug|Any CPU
		{95C93469-B4A2-40BA-A17C-FF2E7AB58AE2}.Debug|x64.Build.0 = Debug|Any CPU
		{95C93469-B4A2-40BA-A17C-FF2E7AB58AE2}.Debug|x86.ActiveCfg = Debug|Any CPU
		{95C93469-B4A2-40BA-A17C-FF2E7AB58AE2}.Debug|x86.Build.0 = Debug|Any CPU
		{95C93469-B4A2-40BA-A17C-FF2E7AB58AE2}.Release|Any CPU.ActiveCfg = Release|Any CPU
		{95C93469-B4A2-40BA-A17C-FF2E7AB58AE2}.Release|Any CPU.Build.0 = Release|Any CPU
		{95C93469-B4A2-40BA-A17C-FF2E7AB58AE2}.Release|x64.ActiveCfg = Release|Any CPU
		{95C93469-B4A2-40BA-A17C-FF2E7AB58AE2}.Release|x64.Build.0 = Release|Any CPU
		{95C93469-B4A2-40BA-A17C-FF2E7AB58AE2}.Release|x86.ActiveCfg = Release|Any CPU
		{95C93469-B4A2-40BA-A17C-FF2E7AB58AE2}.Release|x86.Build.0 = Release|Any CPU
		{DABF615C-3085-44C9-AF29-558AE7E5556A}.Debug|Any CPU.ActiveCfg = Debug|Any CPU
		{DABF615C-3085-44C9-AF29-558AE7E5556A}.Debug|Any CPU.Build.0 = Debug|Any CPU
		{DABF615C-3085-44C9-AF29-558AE7E5556A}.Debug|x64.ActiveCfg = Debug|Any CPU
		{DABF615C-3085-44C9-AF29-558AE7E5556A}.Debug|x64.Build.0 = Debug|Any CPU
		{DABF615C-3085-44C9-AF29-558AE7E5556A}.Debug|x86.ActiveCfg = Debug|Any CPU
		{DABF615C-3085-44C9-AF29-558AE7E5556A}.Debug|x86.Build.0 = Debug|Any CPU
		{DABF615C-3085-44C9-AF29-558AE7E5556A}.Release|Any CPU.ActiveCfg = Release|Any CPU
		{DABF615C-3085-44C9-AF29-558AE7E5556A}.Release|Any CPU.Build.0 = Release|Any CPU
		{DABF615C-3085-44C9-AF29-558AE7E5556A}.Release|x64.ActiveCfg = Release|Any CPU
		{DABF615C-3085-44C9-AF29-558AE7E5556A}.Release|x64.Build.0 = Release|Any CPU
		{DABF615C-3085-44C9-AF29-558AE7E5556A}.Release|x86.ActiveCfg = Release|Any CPU
		{DABF615C-3085-44C9-AF29-558AE7E5556A}.Release|x86.Build.0 = Release|Any CPU
		{6F9D2894-4F81-49C8-8024-5846E79F5199}.Debug|Any CPU.ActiveCfg = Debug|Any CPU
		{6F9D2894-4F81-49C8-8024-5846E79F5199}.Debug|Any CPU.Build.0 = Debug|Any CPU
		{6F9D2894-4F81-49C8-8024-5846E79F5199}.Debug|x64.ActiveCfg = Debug|Any CPU
		{6F9D2894-4F81-49C8-8024-5846E79F5199}.Debug|x64.Build.0 = Debug|Any CPU
		{6F9D2894-4F81-49C8-8024-5846E79F5199}.Debug|x86.ActiveCfg = Debug|Any CPU
		{6F9D2894-4F81-49C8-8024-5846E79F5199}.Debug|x86.Build.0 = Debug|Any CPU
		{6F9D2894-4F81-49C8-8024-5846E79F5199}.Release|Any CPU.ActiveCfg = Release|Any CPU
		{6F9D2894-4F81-49C8-8024-5846E79F5199}.Release|Any CPU.Build.0 = Release|Any CPU
		{6F9D2894-4F81-49C8-8024-5846E79F5199}.Release|x64.ActiveCfg = Release|Any CPU
		{6F9D2894-4F81-49C8-8024-5846E79F5199}.Release|x64.Build.0 = Release|Any CPU
		{6F9D2894-4F81-49C8-8024-5846E79F5199}.Release|x86.ActiveCfg = Release|Any CPU
		{6F9D2894-4F81-49C8-8024-5846E79F5199}.Release|x86.Build.0 = Release|Any CPU
		{12CBC5DE-452E-431A-AABB-5A4F554DC09A}.Debug|Any CPU.ActiveCfg = Debug|Any CPU
		{12CBC5DE-452E-431A-AABB-5A4F554DC09A}.Debug|Any CPU.Build.0 = Debug|Any CPU
		{12CBC5DE-452E-431A-AABB-5A4F554DC09A}.Debug|x64.ActiveCfg = Debug|Any CPU
		{12CBC5DE-452E-431A-AABB-5A4F554DC09A}.Debug|x64.Build.0 = Debug|Any CPU
		{12CBC5DE-452E-431A-AABB-5A4F554DC09A}.Debug|x86.ActiveCfg = Debug|Any CPU
		{12CBC5DE-452E-431A-AABB-5A4F554DC09A}.Debug|x86.Build.0 = Debug|Any CPU
		{12CBC5DE-452E-431A-AABB-5A4F554DC09A}.Release|Any CPU.ActiveCfg = Release|Any CPU
		{12CBC5DE-452E-431A-AABB-5A4F554DC09A}.Release|Any CPU.Build.0 = Release|Any CPU
		{12CBC5DE-452E-431A-AABB-5A4F554DC09A}.Release|x64.ActiveCfg = Release|Any CPU
		{12CBC5DE-452E-431A-AABB-5A4F554DC09A}.Release|x64.Build.0 = Release|Any CPU
		{12CBC5DE-452E-431A-AABB-5A4F554DC09A}.Release|x86.ActiveCfg = Release|Any CPU
		{12CBC5DE-452E-431A-AABB-5A4F554DC09A}.Release|x86.Build.0 = Release|Any CPU
		{DC0AAE91-00F5-44C8-9898-6CD6809FA48C}.Debug|Any CPU.ActiveCfg = Debug|Any CPU
		{DC0AAE91-00F5-44C8-9898-6CD6809FA48C}.Debug|Any CPU.Build.0 = Debug|Any CPU
		{DC0AAE91-00F5-44C8-9898-6CD6809FA48C}.Debug|x64.ActiveCfg = Debug|Any CPU
		{DC0AAE91-00F5-44C8-9898-6CD6809FA48C}.Debug|x64.Build.0 = Debug|Any CPU
		{DC0AAE91-00F5-44C8-9898-6CD6809FA48C}.Debug|x86.ActiveCfg = Debug|Any CPU
		{DC0AAE91-00F5-44C8-9898-6CD6809FA48C}.Debug|x86.Build.0 = Debug|Any CPU
		{DC0AAE91-00F5-44C8-9898-6CD6809FA48C}.Release|Any CPU.ActiveCfg = Release|Any CPU
		{DC0AAE91-00F5-44C8-9898-6CD6809FA48C}.Release|Any CPU.Build.0 = Release|Any CPU
		{DC0AAE91-00F5-44C8-9898-6CD6809FA48C}.Release|x64.ActiveCfg = Release|Any CPU
		{DC0AAE91-00F5-44C8-9898-6CD6809FA48C}.Release|x64.Build.0 = Release|Any CPU
		{DC0AAE91-00F5-44C8-9898-6CD6809FA48C}.Release|x86.ActiveCfg = Release|Any CPU
		{DC0AAE91-00F5-44C8-9898-6CD6809FA48C}.Release|x86.Build.0 = Release|Any CPU
	EndGlobalSection
	GlobalSection(SolutionProperties) = preSolution
		HideSolutionNode = FALSE
	EndGlobalSection
	GlobalSection(NestedProjects) = preSolution
		{9832B1AE-4737-4060-B12A-061759091977} = {827E0CD3-B72D-47B6-A68D-7590B98EB39B}
		{281BA022-C5CF-4220-8019-5B2CD31818D0} = {827E0CD3-B72D-47B6-A68D-7590B98EB39B}
		{21800A3A-7E30-4679-B72B-B9D76276ED4E} = {827E0CD3-B72D-47B6-A68D-7590B98EB39B}
		{CA49D860-8281-4AAD-98A4-A146D5BBB76D} = {827E0CD3-B72D-47B6-A68D-7590B98EB39B}
		{505C0A2B-9E72-4B58-95CC-0400B080EA72} = {827E0CD3-B72D-47B6-A68D-7590B98EB39B}
		{CE86F30B-D7D1-4767-98B0-7304B8B70054} = {827E0CD3-B72D-47B6-A68D-7590B98EB39B}
		{74F8CFF2-3B26-443D-8C9B-8056CFE2DA23} = {827E0CD3-B72D-47B6-A68D-7590B98EB39B}
		{01B5B669-6A47-4E56-BD7C-02578E75CA11} = {827E0CD3-B72D-47B6-A68D-7590B98EB39B}
		{99F52590-CAEA-44DC-96D4-A29849B5B082} = {827E0CD3-B72D-47B6-A68D-7590B98EB39B}
		{CAF28B90-8080-4A87-A99F-BF1E9FBD0B95} = {0AB3BF05-4346-4AA6-1389-037BE0695223}
		{E96BEF87-8A7C-42AD-B364-4367A5301FE5} = {0AB3BF05-4346-4AA6-1389-037BE0695223}
		{D17C7316-A368-4D3F-9EA2-25CA467318D2} = {0AB3BF05-4346-4AA6-1389-037BE0695223}
		{0BC82E99-43A7-4C99-842B-D9E63045E086} = {0AB3BF05-4346-4AA6-1389-037BE0695223}
		{95C93469-B4A2-40BA-A17C-FF2E7AB58AE2} = {0AB3BF05-4346-4AA6-1389-037BE0695223}
		{DABF615C-3085-44C9-AF29-558AE7E5556A} = {0AB3BF05-4346-4AA6-1389-037BE0695223}
		{6F9D2894-4F81-49C8-8024-5846E79F5199} = {66320409-64EC-F7C5-3DEF-65E7510DAAD1}
		{12CBC5DE-452E-431A-AABB-5A4F554DC09A} = {5D20AA90-6969-D8BD-9DCD-8634F4692FDA}
		{DC0AAE91-00F5-44C8-9898-6CD6809FA48C} = {5D20AA90-6969-D8BD-9DCD-8634F4692FDA}
	EndGlobalSection
EndGlobal
